{
  "name": "SpiritIslandCompanion",
  "version": "0.0.1",
  "lockfileVersion": 1,
  "requires": true,
  "dependencies": {
    "react-native-fullwidth-image": {
      "version": "0.1.2",
      "resolved": "https://registry.npmjs.org/react-native-fullwidth-image/-/react-native-fullwidth-image-0.1.2.tgz",
      "integrity": "sha512-W9dlWPta7QcJnn0SO7VH6MCA+f47nd48aYUsb7bCKOYmSM46cS2D/W9V3nkS06Kung8Y2uNVTuyH0ochaTLnaw=="
    }
  }
}
